# Shared rule adoptions for this repository.
#
# The rules themselves live in CLAUDE.md — this file only records which
# of them come from a ruleset shared with my other projects, when each
# was adopted, and a hash of its wording at that time. The hash lets a
# check tell a deliberate rewording from an accidental deletion, and
# flag a rule whose shared wording has moved on since.
#
# Nothing here changes how the repository behaves.

rules_version = 1

[rules.adr-lifecycle]
adopted = "2026-09-17"
hash = "aabd778ef08e"

[rules.bugfix-evidence]
adopted = "2026-09-17"
hash = "9a65081d690c"

[rules.cross-project-leak]
adopted = "2026-09-17"
hash = "b3dd83c2356d"

[rules.design-first]
adopted = "2026-09-17"
hash = "6d93ba90db46"

[rules.explain-before-build]
adopted = "2026-09-17"
hash = "89a4715cca28"

[rules.git-docs-pointer]
adopted = "2026-09-18"
hash = "f38651e37e09"

[rules.issue-handling]
adopted = "2026-09-17"
hash = "bd91539c493b"

[rules.measurable-defect]
adopted = "2026-09-17"
hash = "268cf19aeb9d"

[rules.memory-precedence]
adopted = "2026-09-17"
hash = "78dc260ec367"

[rules.severe-opinion]
adopted = "2026-09-17"
hash = "da1ad3af8e04"

[rules.testing-guard]
adopted = "2026-09-17"
hash = "a09e99c6385f"

[rules.tests-with-the-change]
adopted = "2026-09-17"
hash = "f9b8b747acfb"
